// !$*UTF8*$!
{
	archiveVersion = 1;
	classes = {
	};
	objectVersion = 46;
	objects = {
/* Begin PBXBuildFile section */
		0207DA581B56EA530066E2B4 /* Images.xcassets in Resources */ = {isa = PBXBuildFile; fileRef = 0207DA571B56EA530066E2B4 /* Images.xcassets */; };
		1D3623260D0F684500981E51 /* AppDelegate.m in Sources */ = {isa = PBXBuildFile; fileRef = 1D3623250D0F684500981E51 /* AppDelegate.m */; };
		1D60589B0D05DD56006BFB54 /* main.m in Sources */ = {isa = PBXBuildFile; fileRef = 29B97316FDCFA39411CA2CEA /* main.m */; };
		301BF552109A68D80062928A /* libCordova.a in Frameworks */ = {isa = PBXBuildFile; fileRef = 301BF535109A57CC0062928A /* libCordova.a */; };
		302D95F114D2391D003F00A1 /* MainViewController.m in Sources */ = {isa = PBXBuildFile; fileRef = 302D95EF14D2391D003F00A1 /* MainViewController.m */; };
		302D95F214D2391D003F00A1 /* MainViewController.xib in Resources */ = {isa = PBXBuildFile; fileRef = 302D95F014D2391D003F00A1 /* MainViewController.xib */; };
		3047A5121AB8059700498E2A /* build-debug.xcconfig in Resources */ = {isa = PBXBuildFile; fileRef = 3047A50F1AB8059700498E2A /* build-debug.xcconfig */; };
		3047A5131AB8059700498E2A /* build-release.xcconfig in Resources */ = {isa = PBXBuildFile; fileRef = 3047A5101AB8059700498E2A /* build-release.xcconfig */; };
		3047A5141AB8059700498E2A /* build.xcconfig in Resources */ = {isa = PBXBuildFile; fileRef = 3047A5111AB8059700498E2A /* build.xcconfig */; };
		6AFF5BF91D6E424B00AB3073 /* CDVLaunchScreen.storyboard in Resources */ = {isa = PBXBuildFile; fileRef = 6AFF5BF81D6E424B00AB3073 /* CDVLaunchScreen.storyboard */; };
		42BF5FD3E3054D1FAFC34B13 /* WebAppLocalServer.swift in Sources */ = {isa = PBXBuildFile; fileRef = 82CE927586ED47E0A1BBF780 /* WebAppLocalServer.swift */; };
		BC734924969E470F8C12855A /* WebAppConfiguration.swift in Sources */ = {isa = PBXBuildFile; fileRef = 7048E33E93F34B7BBD48442F /* WebAppConfiguration.swift */; };
		FCAE299A53E648CE82AE5D2E /* AssetBundleManager.swift in Sources */ = {isa = PBXBuildFile; fileRef = 7566755F135E4AC192ABCE71 /* AssetBundleManager.swift */; };
		94E5EAFBB08F47B8A8F64459 /* AssetBundle.swift in Sources */ = {isa = PBXBuildFile; fileRef = 7A5EC0DD6915430ABB16717F /* AssetBundle.swift */; };
		84DFB407782A4AB6B9BCCB87 /* Asset.swift in Sources */ = {isa = PBXBuildFile; fileRef = 559C8F36393F4571B6C076E6 /* Asset.swift */; };
		B0143328C690400282450465 /* AssetBundleDownloader.swift in Sources */ = {isa = PBXBuildFile; fileRef = 49121AE52DA340CA93038113 /* AssetBundleDownloader.swift */; };
		E684CFB3C1F4422EA4464C31 /* AssetManifest.swift in Sources */ = {isa = PBXBuildFile; fileRef = 986DC31FC020402D939C8439 /* AssetManifest.swift */; };
		8D19233F9DF2407DA799037E /* Errors.swift in Sources */ = {isa = PBXBuildFile; fileRef = 477FFD21EAF24AE39FF18F29 /* Errors.swift */; };
		A061A7B1CCE54A44A7628732 /* Utility.swift in Sources */ = {isa = PBXBuildFile; fileRef = 5EAA87D2EE4846A392E6B521 /* Utility.swift */; };
		497809AAC5A84574B0C16C1E /* METPlugin.m in Sources */ = {isa = PBXBuildFile; fileRef = 69EAA18DA51A40429C211F7D /* METPlugin.m */; };
		6D899A458A644324B1C7670E /* METTimer.m in Sources */ = {isa = PBXBuildFile; fileRef = 947CCC6217004C6EB373AB36 /* METTimer.m */; };
		3C3AB77EBB8048ADAA532475 /* METRetryStrategy.m in Sources */ = {isa = PBXBuildFile; fileRef = 19391F3A159F449A80915A15 /* METRetryStrategy.m */; };
		D0D4A8E7B9204AEAAE692697 /* METNetworkReachabilityManager.m in Sources */ = {isa = PBXBuildFile; fileRef = 738DA09D8AF54CD382BF878E /* METNetworkReachabilityManager.m */; };
		EEE35BF28BB942B9A4A39329 /* METRandomValueGenerator.m in Sources */ = {isa = PBXBuildFile; fileRef = D75C97635B2B48D28BF3F79F /* METRandomValueGenerator.m */; };
		BDC984DD166F405CB6BF8A13 /* GCDWebServer.m in Sources */ = {isa = PBXBuildFile; fileRef = B68B3803B4D145ADB44F12B1 /* GCDWebServer.m */; };
		0B01E71F63984E32A17FF067 /* GCDWebServerConnection.m in Sources */ = {isa = PBXBuildFile; fileRef = 56F4A8E79D924498B5F06B09 /* GCDWebServerConnection.m */; };
		93DBCBD7E9D0404B94A21092 /* GCDWebServerFunctions.m in Sources */ = {isa = PBXBuildFile; fileRef = C87E8165BFA748399DC2B861 /* GCDWebServerFunctions.m */; };
		6A6113AD0AE04CC79D35289B /* GCDWebServerRequest.m in Sources */ = {isa = PBXBuildFile; fileRef = AFE308933C8F4E66B29842D9 /* GCDWebServerRequest.m */; };
		5658B88444FE412394EF5798 /* GCDWebServerResponse.m in Sources */ = {isa = PBXBuildFile; fileRef = 3CBAA2DC57954466920DB880 /* GCDWebServerResponse.m */; };
		31C5D818A1454784AF7C0E64 /* GCDWebServerDataRequest.m in Sources */ = {isa = PBXBuildFile; fileRef = CAB2B1C71E854978827DFBC5 /* GCDWebServerDataRequest.m */; };
		5FC496B50BD04A709BD9BF31 /* GCDWebServerFileRequest.m in Sources */ = {isa = PBXBuildFile; fileRef = A79D7D15B9D14091A6330E6E /* GCDWebServerFileRequest.m */; };
		252F245665A3494290565E78 /* GCDWebServerMultiPartFormRequest.m in Sources */ = {isa = PBXBuildFile; fileRef = 018EC3F9E8604C84AF35B8CE /* GCDWebServerMultiPartFormRequest.m */; };
		1354C9C264C34E1B8F734B6C /* GCDWebServerURLEncodedFormRequest.m in Sources */ = {isa = PBXBuildFile; fileRef = CDE2826EAE184DB781B497F5 /* GCDWebServerURLEncodedFormRequest.m */; };
		886059D424914C8C8C4ABAA6 /* GCDWebServerDataResponse.m in Sources */ = {isa = PBXBuildFile; fileRef = B106C24CC7494ECEB449D60F /* GCDWebServerDataResponse.m */; };
		BFBE4B8E40184E3490FD9909 /* GCDWebServerErrorResponse.m in Sources */ = {isa = PBXBuildFile; fileRef = CFF6308E64FD45EAB1BDAA08 /* GCDWebServerErrorResponse.m */; };
		E34D68F1BEF8414FB415FAB7 /* GCDWebServerFileResponse.m in Sources */ = {isa = PBXBuildFile; fileRef = 6D8BBEDC081349B0A0A7B4C0 /* GCDWebServerFileResponse.m */; };
		AE58893F39F64735A9F410AA /* GCDWebServerStreamedResponse.m in Sources */ = {isa = PBXBuildFile; fileRef = 3C67C1BB02484032AE4A59FD /* GCDWebServerStreamedResponse.m */; };
		AEF839BB1D8642EC89118015 /* CFNetwork.framework in Frameworks */ = {isa = PBXBuildFile; fileRef = 00061D087B4A40D1A27A1DB9 /* CFNetwork.framework */; };
		EBA9AA4DCAEF44808A5A71C5 /* libz.dylib in Frameworks */ = {isa = PBXBuildFile; fileRef = AAB74A56BFB24D4495350303 /* libz.dylib */; };
		859A7706FE8F41DDB1BAA63D /* WebAppMockRemoteServer.swift in Sources */ = {isa = PBXBuildFile; fileRef = 7C4D09C4CEE94A24B3499708 /* WebAppMockRemoteServer.swift */; };
		71D187E0AAC54881B58C3C28 /* WebAppLocalServer+Testing.swift in Sources */ = {isa = PBXBuildFile; fileRef = C44DE1EF35594D9B94A2C1BA /* WebAppLocalServer+Testing.swift */; };
		09DAA4E2121240E88CBBCA4E /* GCDWebServer+Testing.m in Sources */ = {isa = PBXBuildFile; fileRef = 0CE6E87CBB2C4CC99A99056A /* GCDWebServer+Testing.m */; };
/* End PBXBuildFile section */

/* Begin PBXContainerItemProxy section */
		301BF534109A57CC0062928A /* PBXContainerItemProxy */ = {
			isa = PBXContainerItemProxy;
			containerPortal = 301BF52D109A57CC0062928A /* CordovaLib.xcodeproj */;
			proxyType = 2;
			remoteGlobalIDString = D2AAC07E0554694100DB518D;
			remoteInfo = CordovaLib;
		};
		301BF550109A68C00062928A /* PBXContainerItemProxy */ = {
			isa = PBXContainerItemProxy;
			containerPortal = 301BF52D109A57CC0062928A /* CordovaLib.xcodeproj */;
			proxyType = 1;
			remoteGlobalIDString = D2AAC07D0554694100DB518D;
			remoteInfo = CordovaLib;
		};
/* End PBXContainerItemProxy section */

/* Begin PBXFileReference section */
		0207DA571B56EA530066E2B4 /* Images.xcassets */ = {isa = PBXFileReference; lastKnownFileType = folder.assetcatalog; name = Images.xcassets; path = "HelloCordova/Images.xcassets"; sourceTree = SOURCE_ROOT; };
		1D3623240D0F684500981E51 /* AppDelegate.h */ = {isa = PBXFileReference; fileEncoding = 4; lastKnownFileType = sourcecode.c.h; path = AppDelegate.h; sourceTree = "<group>"; };
		1D3623250D0F684500981E51 /* AppDelegate.m */ = {isa = PBXFileReference; fileEncoding = 4; lastKnownFileType = sourcecode.c.objc; path = AppDelegate.m; sourceTree = "<group>"; };
		1D6058910D05DD3D006BFB54 /* HelloCordova.app */ = {isa = PBXFileReference; explicitFileType = wrapper.application; includeInIndex = 0; path = "HelloCordova.app"; sourceTree = BUILT_PRODUCTS_DIR; };
		29B97316FDCFA39411CA2CEA /* main.m */ = {isa = PBXFileReference; fileEncoding = 4; lastKnownFileType = sourcecode.c.objc; path = main.m; sourceTree = "<group>"; };
		301BF52D109A57CC0062928A /* CordovaLib.xcodeproj */ = {isa = PBXFileReference; lastKnownFileType = "wrapper.pb-project"; path = CordovaLib/CordovaLib.xcodeproj; sourceTree = "<group>"; };
		301BF56E109A69640062928A /* www */ = {isa = PBXFileReference; lastKnownFileType = folder; path = www; sourceTree = SOURCE_ROOT; };
		302D95EE14D2391D003F00A1 /* MainViewController.h */ = {isa = PBXFileReference; fileEncoding = 4; lastKnownFileType = sourcecode.c.h; path = MainViewController.h; sourceTree = "<group>"; };
		302D95EF14D2391D003F00A1 /* MainViewController.m */ = {isa = PBXFileReference; fileEncoding = 4; lastKnownFileType = sourcecode.c.objc; path = MainViewController.m; sourceTree = "<group>"; };
		302D95F014D2391D003F00A1 /* MainViewController.xib */ = {isa = PBXFileReference; fileEncoding = 4; lastKnownFileType = file.xib; path = MainViewController.xib; sourceTree = "<group>"; };
		3047A50F1AB8059700498E2A /* build-debug.xcconfig */ = {isa = PBXFileReference; fileEncoding = 4; lastKnownFileType = text.xcconfig; name = "build-debug.xcconfig"; path = cordova/build-debug.xcconfig; sourceTree = SOURCE_ROOT; };
		3047A5101AB8059700498E2A /* build-release.xcconfig */ = {isa = PBXFileReference; fileEncoding = 4; lastKnownFileType = text.xcconfig; name = "build-release.xcconfig"; path = cordova/build-release.xcconfig; sourceTree = SOURCE_ROOT; };
		3047A5111AB8059700498E2A /* build.xcconfig */ = {isa = PBXFileReference; fileEncoding = 4; lastKnownFileType = text.xcconfig; name = build.xcconfig; path = cordova/build.xcconfig; sourceTree = SOURCE_ROOT; };
		32CA4F630368D1EE00C91783 /* HelloCordova-Prefix.pch */ = {isa = PBXFileReference; fileEncoding = 4; lastKnownFileType = sourcecode.c.h; path = "HelloCordova-Prefix.pch"; sourceTree = "<group>"; };
		6AFF5BF81D6E424B00AB3073 /* CDVLaunchScreen.storyboard */ = {isa = PBXFileReference; fileEncoding = 4; lastKnownFileType = file.storyboard; name = CDVLaunchScreen.storyboard; path = "HelloCordova/CDVLaunchScreen.storyboard"; sourceTree = SOURCE_ROOT; };
		8D1107310486CEB800E47090 /* HelloCordova-Info.plist */ = {isa = PBXFileReference; fileEncoding = 4; lastKnownFileType = text.plist.xml; name = "HelloCordova-Info.plist"; path = "HelloCordova/HelloCordova-Info.plist"; plistStructureDefinitionIdentifier = "com.apple.xcode.plist.structure-definition.iphone.info-plist"; sourceTree = SOURCE_ROOT; };
		EB87FDF31871DA8E0020F90C /* www */ = {isa = PBXFileReference; lastKnownFileType = folder; name = www; path = ../../www; sourceTree = "<group>"; };
		EB87FDF41871DAF40020F90C /* config.xml */ = {isa = PBXFileReference; lastKnownFileType = text.xml; name = config.xml; path = ../../config.xml; sourceTree = "<group>"; };
		F840E1F0165FE0F500CFE078 /* config.xml */ = {isa = PBXFileReference; lastKnownFileType = text.xml; name = config.xml; path = "HelloCordova/config.xml"; sourceTree = "<group>"; };
		ED33DF2A687741AEAF9F8254 /* Bridging-Header.h */ = {isa = PBXFileReference; fileEncoding = 4; lastKnownFileType = sourcecode.c.h; name = "Bridging-Header.h"; path = "Bridging-Header.h"; sourceTree = "<group>"; };
		82CE927586ED47E0A1BBF780 /* WebAppLocalServer.swift */ = {isa = PBXFileReference; name = "WebAppLocalServer.swift"; path = "cordova-plugin-meteor-webapp/WebAppLocalServer.swift"; sourceTree = "<group>"; fileEncoding = 4; lastKnownFileType = sourcecode.swift; explicitFileType = undefined; includeInIndex = 0; };
		7048E33E93F34B7BBD48442F /* WebAppConfiguration.swift */ = {isa = PBXFileReference; name = "WebAppConfiguration.swift"; path = "cordova-plugin-meteor-webapp/WebAppConfiguration.swift"; sourceTree = "<group>"; fileEncoding = 4; lastKnownFileType = sourcecode.swift; explicitFileType = undefined; includeInIndex = 0; };
		7566755F135E4AC192ABCE71 /* AssetBundleManager.swift */ = {isa = PBXFileReference; name = "AssetBundleManager.swift"; path = "cordova-plugin-meteor-webapp/AssetBundleManager.swift"; sourceTree = "<group>"; fileEncoding = 4; lastKnownFileType = sourcecode.swift; explicitFileType = undefined; includeInIndex = 0; };
		7A5EC0DD6915430ABB16717F /* AssetBundle.swift */ = {isa = PBXFileReference; name = "AssetBundle.swift"; path = "cordova-plugin-meteor-webapp/AssetBundle.swift"; sourceTree = "<group>"; fileEncoding = 4; lastKnownFileType = sourcecode.swift; explicitFileType = undefined; includeInIndex = 0; };
		559C8F36393F4571B6C076E6 /* Asset.swift */ = {isa = PBXFileReference; name = "Asset.swift"; path = "cordova-plugin-meteor-webapp/Asset.swift"; sourceTree = "<group>"; fileEncoding = 4; lastKnownFileType = sourcecode.swift; explicitFileType = undefined; includeInIndex = 0; };
		49121AE52DA340CA93038113 /* AssetBundleDownloader.swift */ = {isa = PBXFileReference; name = "AssetBundleDownloader.swift"; path = "cordova-plugin-meteor-webapp/AssetBundleDownloader.swift"; sourceTree = "<group>"; fileEncoding = 4; lastKnownFileType = sourcecode.swift; explicitFileType = undefined; includeInIndex = 0; };
		986DC31FC020402D939C8439 /* AssetManifest.swift */ = {isa = PBXFileReference; name = "AssetManifest.swift"; path = "cordova-plugin-meteor-webapp/AssetManifest.swift"; sourceTree = "<group>"; fileEncoding = 4; lastKnownFileType = sourcecode.swift; explicitFileType = undefined; includeInIndex = 0; };
		477FFD21EAF24AE39FF18F29 /* Errors.swift */ = {isa = PBXFileReference; name = "Errors.swift"; path = "cordova-plugin-meteor-webapp/Errors.swift"; sourceTree = "<group>"; fileEncoding = 4; lastKnownFileType = sourcecode.swift; explicitFileType = undefined; includeInIndex = 0; };
		5EAA87D2EE4846A392E6B521 /* Utility.swift */ = {isa = PBXFileReference; name = "Utility.swift"; path = "cordova-plugin-meteor-webapp/Utility.swift"; sourceTree = "<group>"; fileEncoding = 4; lastKnownFileType = sourcecode.swift; explicitFileType = undefined; includeInIndex = 0; };
		69EAA18DA51A40429C211F7D /* METPlugin.m */ = {isa = PBXFileReference; name = "METPlugin.m"; path = "cordova-plugin-meteor-webapp/METPlugin.m"; sourceTree = "<group>"; fileEncoding = 4; lastKnownFileType = sourcecode.c.objc; explicitFileType = undefined; includeInIndex = 0; };
		947CCC6217004C6EB373AB36 /* METTimer.m */ = {isa = PBXFileReference; name = "METTimer.m"; path = "cordova-plugin-meteor-webapp/METTimer.m"; sourceTree = "<group>"; fileEncoding = 4; lastKnownFileType = sourcecode.c.objc; explicitFileType = undefined; includeInIndex = 0; };
		19391F3A159F449A80915A15 /* METRetryStrategy.m */ = {isa = PBXFileReference; name = "METRetryStrategy.m"; path = "cordova-plugin-meteor-webapp/METRetryStrategy.m"; sourceTree = "<group>"; fileEncoding = 4; lastKnownFileType = sourcecode.c.objc; explicitFileType = undefined; includeInIndex = 0; };
		738DA09D8AF54CD382BF878E /* METNetworkReachabilityManager.m */ = {isa = PBXFileReference; name = "METNetworkReachabilityManager.m"; path = "cordova-plugin-meteor-webapp/METNetworkReachabilityManager.m"; sourceTree = "<group>"; fileEncoding = 4; lastKnownFileType = sourcecode.c.objc; explicitFileType = undefined; includeInIndex = 0; };
		D75C97635B2B48D28BF3F79F /* METRandomValueGenerator.m */ = {isa = PBXFileReference; name = "METRandomValueGenerator.m"; path = "cordova-plugin-meteor-webapp/METRandomValueGenerator.m"; sourceTree = "<group>"; fileEncoding = 4; lastKnownFileType = sourcecode.c.objc; explicitFileType = undefined; includeInIndex = 0; };
		B68B3803B4D145ADB44F12B1 /* GCDWebServer.m */ = {isa = PBXFileReference; name = "GCDWebServer.m"; path = "cordova-plugin-meteor-webapp/GCDWebServer.m"; sourceTree = "<group>"; fileEncoding = 4; lastKnownFileType = sourcecode.c.objc; explicitFileType = undefined; includeInIndex = 0; };
		56F4A8E79D924498B5F06B09 /* GCDWebServerConnection.m */ = {isa = PBXFileReference; name = "GCDWebServerConnection.m"; path = "cordova-plugin-meteor-webapp/GCDWebServerConnection.m"; sourceTree = "<group>"; fileEncoding = 4; lastKnownFileType = sourcecode.c.objc; explicitFileType = undefined; includeInIndex = 0; };
		C87E8165BFA748399DC2B861 /* GCDWebServerFunctions.m */ = {isa = PBXFileReference; name = "GCDWebServerFunctions.m"; path = "cordova-plugin-meteor-webapp/GCDWebServerFunctions.m"; sourceTree = "<group>"; fileEncoding = 4; lastKnownFileType = sourcecode.c.objc; explicitFileType = undefined; includeInIndex = 0; };
		AFE308933C8F4E66B29842D9 /* GCDWebServerRequest.m */ = {isa = PBXFileReference; name = "GCDWebServerRequest.m"; path = "cordova-plugin-meteor-webapp/GCDWebServerRequest.m"; sourceTree = "<group>"; fileEncoding = 4; lastKnownFileType = sourcecode.c.objc; explicitFileType = undefined; includeInIndex = 0; };
		3CBAA2DC57954466920DB880 /* GCDWebServerResponse.m */ = {isa = PBXFileReference; name = "GCDWebServerResponse.m"; path = "cordova-plugin-meteor-webapp/GCDWebServerResponse.m"; sourceTree = "<group>"; fileEncoding = 4; lastKnownFileType = sourcecode.c.objc; explicitFileType = undefined; includeInIndex = 0; };
		CAB2B1C71E854978827DFBC5 /* GCDWebServerDataRequest.m */ = {isa = PBXFileReference; name = "GCDWebServerDataRequest.m"; path = "cordova-plugin-meteor-webapp/GCDWebServerDataRequest.m"; sourceTree = "<group>"; fileEncoding = 4; lastKnownFileType = sourcecode.c.objc; explicitFileType = undefined; includeInIndex = 0; };
		A79D7D15B9D14091A6330E6E /* GCDWebServerFileRequest.m */ = {isa = PBXFileReference; name = "GCDWebServerFileRequest.m"; path = "cordova-plugin-meteor-webapp/GCDWebServerFileRequest.m"; sourceTree = "<group>"; fileEncoding = 4; lastKnownFileType = sourcecode.c.objc; explicitFileType = undefined; includeInIndex = 0; };
		018EC3F9E8604C84AF35B8CE /* GCDWebServerMultiPartFormRequest.m */ = {isa = PBXFileReference; name = "GCDWebServerMultiPartFormRequest.m"; path = "cordova-plugin-meteor-webapp/GCDWebServerMultiPartFormRequest.m"; sourceTree = "<group>"; fileEncoding = 4; lastKnownFileType = sourcecode.c.objc; explicitFileType = undefined; includeInIndex = 0; };
		CDE2826EAE184DB781B497F5 /* GCDWebServerURLEncodedFormRequest.m */ = {isa = PBXFileReference; name = "GCDWebServerURLEncodedFormRequest.m"; path = "cordova-plugin-meteor-webapp/GCDWebServerURLEncodedFormRequest.m"; sourceTree = "<group>"; fileEncoding = 4; lastKnownFileType = sourcecode.c.objc; explicitFileType = undefined; includeInIndex = 0; };
		B106C24CC7494ECEB449D60F /* GCDWebServerDataResponse.m */ = {isa = PBXFileReference; name = "GCDWebServerDataResponse.m"; path = "cordova-plugin-meteor-webapp/GCDWebServerDataResponse.m"; sourceTree = "<group>"; fileEncoding = 4; lastKnownFileType = sourcecode.c.objc; explicitFileType = undefined; includeInIndex = 0; };
		CFF6308E64FD45EAB1BDAA08 /* GCDWebServerErrorResponse.m */ = {isa = PBXFileReference; name = "GCDWebServerErrorResponse.m"; path = "cordova-plugin-meteor-webapp/GCDWebServerErrorResponse.m"; sourceTree = "<group>"; fileEncoding = 4; lastKnownFileType = sourcecode.c.objc; explicitFileType = undefined; includeInIndex = 0; };
		6D8BBEDC081349B0A0A7B4C0 /* GCDWebServerFileResponse.m */ = {isa = PBXFileReference; name = "GCDWebServerFileResponse.m"; path = "cordova-plugin-meteor-webapp/GCDWebServerFileResponse.m"; sourceTree = "<group>"; fileEncoding = 4; lastKnownFileType = sourcecode.c.objc; explicitFileType = undefined; includeInIndex = 0; };
		3C67C1BB02484032AE4A59FD /* GCDWebServerStreamedResponse.m */ = {isa = PBXFileReference; name = "GCDWebServerStreamedResponse.m"; path = "cordova-plugin-meteor-webapp/GCDWebServerStreamedResponse.m"; sourceTree = "<group>"; fileEncoding = 4; lastKnownFileType = sourcecode.c.objc; explicitFileType = undefined; includeInIndex = 0; };
		BE7061E04E9240EAB93E9453 /* cordova-plugin-meteor-webapp-Bridging-Header.h */ = {isa = PBXFileReference; name = "cordova-plugin-meteor-webapp-Bridging-Header.h"; path = "cordova-plugin-meteor-webapp/cordova-plugin-meteor-webapp-Bridging-Header.h"; sourceTree = "<group>"; fileEncoding = 4; lastKnownFileType = sourcecode.c.h; explicitFileType = undefined; includeInIndex = 0; };
		BB3DC4576C04492DABC33056 /* METPlugin.h */ = {isa = PBXFileReference; name = "METPlugin.h"; path = "cordova-plugin-meteor-webapp/METPlugin.h"; sourceTree = "<group>"; fileEncoding = 4; lastKnownFileType = sourcecode.c.h; explicitFileType = undefined; includeInIndex = 0; };
		78702D35D29446209C56DCA0 /* METTimer.h */ = {isa = PBXFileReference; name = "METTimer.h"; path = "cordova-plugin-meteor-webapp/METTimer.h"; sourceTree = "<group>"; fileEncoding = 4; lastKnownFileType = sourcecode.c.h; explicitFileType = undefined; includeInIndex = 0; };
		24A223D80A44425D91F86B3D /* METRetryStrategy.h */ = {isa = PBXFileReference; name = "METRetryStrategy.h"; path = "cordova-plugin-meteor-webapp/METRetryStrategy.h"; sourceTree = "<group>"; fileEncoding = 4; lastKnownFileType = sourcecode.c.h; explicitFileType = undefined; includeInIndex = 0; };
		00729567A8DD4E2497A942C2 /* METNetworkReachabilityManager.h */ = {isa = PBXFileReference; name = "METNetworkReachabilityManager.h"; path = "cordova-plugin-meteor-webapp/METNetworkReachabilityManager.h"; sourceTree = "<group>"; fileEncoding = 4; lastKnownFileType = sourcecode.c.h; explicitFileType = undefined; includeInIndex = 0; };
		5D349E18B08540C89A7EC8B6 /* METRandomValueGenerator.h */ = {isa = PBXFileReference; name = "METRandomValueGenerator.h"; path = "cordova-plugin-meteor-webapp/METRandomValueGenerator.h"; sourceTree = "<group>"; fileEncoding = 4; lastKnownFileType = sourcecode.c.h; explicitFileType = undefined; includeInIndex = 0; };
		3ECCDF4B057D4300AED8AF19 /* GCDWebServer.h */ = {isa = PBXFileReference; name = "GCDWebServer.h"; path = "cordova-plugin-meteor-webapp/GCDWebServer.h"; sourceTree = "<group>"; fileEncoding = 4; lastKnownFileType = sourcecode.c.h; explicitFileType = undefined; includeInIndex = 0; };
		621D0031CB5141F7A841C3DC /* GCDWebServerConnection.h */ = {isa = PBXFileReference; name = "GCDWebServerConnection.h"; path = "cordova-plugin-meteor-webapp/GCDWebServerConnection.h"; sourceTree = "<group>"; fileEncoding = 4; lastKnownFileType = sourcecode.c.h; explicitFileType = undefined; includeInIndex = 0; };
		37C4B65CBE194C35B814243F /* GCDWebServerFunctions.h */ = {isa = PBXFileReference; name = "GCDWebServerFunctions.h"; path = "cordova-plugin-meteor-webapp/GCDWebServerFunctions.h"; sourceTree = "<group>"; fileEncoding = 4; lastKnownFileType = sourcecode.c.h; explicitFileType = undefined; includeInIndex = 0; };
		280210470A6F4245B05075C3 /* GCDWebServerHTTPStatusCodes.h */ = {isa = PBXFileReference; name = "GCDWebServerHTTPStatusCodes.h"; path = "cordova-plugin-meteor-webapp/GCDWebServerHTTPStatusCodes.h"; sourceTree = "<group>"; fileEncoding = 4; lastKnownFileType = sourcecode.c.h; explicitFileType = undefined; includeInIndex = 0; };
		AC4945F70226438087BEEAD0 /* GCDWebServerPrivate.h */ = {isa = PBXFileReference; name = "GCDWebServerPrivate.h"; path = "cordova-plugin-meteor-webapp/GCDWebServerPrivate.h"; sourceTree = "<group>"; fileEncoding = 4; lastKnownFileType = sourcecode.c.h; explicitFileType = undefined; includeInIndex = 0; };
		7834BCF265584B8BAB4F7A0D /* GCDWebServerRequest.h */ = {isa = PBXFileReference; name = "GCDWebServerRequest.h"; path = "cordova-plugin-meteor-webapp/GCDWebServerRequest.h"; sourceTree = "<group>"; fileEncoding = 4; lastKnownFileType = sourcecode.c.h; explicitFileType = undefined; includeInIndex = 0; };
		22DDBC586864457B8C8F41C9 /* GCDWebServerResponse.h */ = {isa = PBXFileReference; name = "GCDWebServerResponse.h"; path = "cordova-plugin-meteor-webapp/GCDWebServerResponse.h"; sourceTree = "<group>"; fileEncoding = 4; lastKnownFileType = sourcecode.c.h; explicitFileType = undefined; includeInIndex = 0; };
		C5F7230736B7478396F4D242 /* GCDWebServerDataRequest.h */ = {isa = PBXFileReference; name = "GCDWebServerDataRequest.h"; path = "cordova-plugin-meteor-webapp/GCDWebServerDataRequest.h"; sourceTree = "<group>"; fileEncoding = 4; lastKnownFileType = sourcecode.c.h; explicitFileType = undefined; includeInIndex = 0; };
		E10697650B4C4313AED4B713 /* GCDWebServerFileRequest.h */ = {isa = PBXFileReference; name = "GCDWebServerFileRequest.h"; path = "cordova-plugin-meteor-webapp/GCDWebServerFileRequest.h"; sourceTree = "<group>"; fileEncoding = 4; lastKnownFileType = sourcecode.c.h; explicitFileType = undefined; includeInIndex = 0; };
		62AA958A55604860B3CBB63D /* GCDWebServerMultiPartFormRequest.h */ = {isa = PBXFileReference; name = "GCDWebServerMultiPartFormRequest.h"; path = "cordova-plugin-meteor-webapp/GCDWebServerMultiPartFormRequest.h"; sourceTree = "<group>"; fileEncoding = 4; lastKnownFileType = sourcecode.c.h; explicitFileType = undefined; includeInIndex = 0; };
		696D0DE873654FC9AC81EB3B /* GCDWebServerURLEncodedFormRequest.h */ = {isa = PBXFileReference; name = "GCDWebServerURLEncodedFormRequest.h"; path = "cordova-plugin-meteor-webapp/GCDWebServerURLEncodedFormRequest.h"; sourceTree = "<group>"; fileEncoding = 4; lastKnownFileType = sourcecode.c.h; explicitFileType = undefined; includeInIndex = 0; };
		A751F744BD2E49E592F17722 /* GCDWebServerDataResponse.h */ = {isa = PBXFileReference; name = "GCDWebServerDataResponse.h"; path = "cordova-plugin-meteor-webapp/GCDWebServerDataResponse.h"; sourceTree = "<group>"; fileEncoding = 4; lastKnownFileType = sourcecode.c.h; explicitFileType = undefined; includeInIndex = 0; };
		4C9CC16A33E74CE798A8CD48 /* GCDWebServerErrorResponse.h */ = {isa = PBXFileReference; name = "GCDWebServerErrorResponse.h"; path = "cordova-plugin-meteor-webapp/GCDWebServerErrorResponse.h"; sourceTree = "<group>"; fileEncoding = 4; lastKnownFileType = sourcecode.c.h; explicitFileType = undefined; includeInIndex = 0; };
		4B501DBB451E4B839166D41B /* GCDWebServerFileResponse.h */ = {isa = PBXFileReference; name = "GCDWebServerFileResponse.h"; path = "cordova-plugin-meteor-webapp/GCDWebServerFileResponse.h"; sourceTree = "<group>"; fileEncoding = 4; lastKnownFileType = sourcecode.c.h; explicitFileType = undefined; includeInIndex = 0; };
		3AD4058AF9E04803A923EF2E /* GCDWebServerStreamedResponse.h */ = {isa = PBXFileReference; name = "GCDWebServerStreamedResponse.h"; path = "cordova-plugin-meteor-webapp/GCDWebServerStreamedResponse.h"; sourceTree = "<group>"; fileEncoding = 4; lastKnownFileType = sourcecode.c.h; explicitFileType = undefined; includeInIndex = 0; };
		00061D087B4A40D1A27A1DB9 /* CFNetwork.framework */ = {isa = PBXFileReference; name = "CFNetwork.framework"; path = "System/Library/Frameworks/CFNetwork.framework"; sourceTree = SDKROOT; fileEncoding = undefined; lastKnownFileType = wrapper.framework; explicitFileType = undefined; includeInIndex = 0; };
		AAB74A56BFB24D4495350303 /* libz.dylib */ = {isa = PBXFileReference; name = "libz.dylib"; path = "usr/lib/libz.dylib"; sourceTree = SDKROOT; fileEncoding = undefined; lastKnownFileType = compiled.mach-o.dylib; explicitFileType = undefined; includeInIndex = 0; };
		7C4D09C4CEE94A24B3499708 /* WebAppMockRemoteServer.swift */ = {isa = PBXFileReference; name = "WebAppMockRemoteServer.swift"; path = "cordova-plugin-meteor-webapp-tests/WebAppMockRemoteServer.swift"; sourceTree = "<group>"; fileEncoding = 4; lastKnownFileType = sourcecode.swift; explicitFileType = undefined; includeInIndex = 0; };
		C44DE1EF35594D9B94A2C1BA /* WebAppLocalServer+Testing.swift */ = {isa = PBXFileReference; name = "WebAppLocalServer+Testing.swift"; path = "cordova-plugin-meteor-webapp-tests/WebAppLocalServer+Testing.swift"; sourceTree = "<group>"; fileEncoding = 4; lastKnownFileType = sourcecode.swift; explicitFileType = undefined; includeInIndex = 0; };
		0CE6E87CBB2C4CC99A99056A /* GCDWebServer+Testing.m */ = {isa = PBXFileReference; name = "GCDWebServer+Testing.m"; path = "cordova-plugin-meteor-webapp-tests/GCDWebServer+Testing.m"; sourceTree = "<group>"; fileEncoding = 4; lastKnownFileType = sourcecode.c.objc; explicitFileType = undefined; includeInIndex = 0; };
		66CCBAD243BE4DC99AA5C630 /* cordova-plugin-meteor-webapp-tests-Bridging-Header.h */ = {isa = PBXFileReference; name = "cordova-plugin-meteor-webapp-tests-Bridging-Header.h"; path = "cordova-plugin-meteor-webapp-tests/cordova-plugin-meteor-webapp-tests-Bridging-Header.h"; sourceTree = "<group>"; fileEncoding = 4; lastKnownFileType = sourcecode.c.h; explicitFileType = undefined; includeInIndex = 0; };
		1EC6F0A8CAA8432E84AC6B63 /* GCDWebServer+Testing.h */ = {isa = PBXFileReference; name = "GCDWebServer+Testing.h"; path = "cordova-plugin-meteor-webapp-tests/GCDWebServer+Testing.h"; sourceTree = "<group>"; fileEncoding = 4; lastKnownFileType = sourcecode.c.h; explicitFileType = undefined; includeInIndex = 0; };
/* End PBXFileReference section */

/* Begin PBXFrameworksBuildPhase section */
		1D60588F0D05DD3D006BFB54 /* Frameworks */ = {
			isa = PBXFrameworksBuildPhase;
			buildActionMask = 2147483647;
			files = (
				301BF552109A68D80062928A /* libCordova.a in Frameworks */,
				AEF839BB1D8642EC89118015 /* CFNetwork.framework in Frameworks */,
				EBA9AA4DCAEF44808A5A71C5 /* libz.dylib in Frameworks */,
			);
			runOnlyForDeploymentPostprocessing = 0;
		};
/* End PBXFrameworksBuildPhase section */

/* Begin PBXGroup section */
		080E96DDFE201D6D7F000001 /* Classes */ = {
			isa = PBXGroup;
			children = (
				302D95EE14D2391D003F00A1 /* MainViewController.h */,
				302D95EF14D2391D003F00A1 /* MainViewController.m */,
				302D95F014D2391D003F00A1 /* MainViewController.xib */,
				1D3623240D0F684500981E51 /* AppDelegate.h */,
				1D3623250D0F684500981E51 /* AppDelegate.m */,
			);
			name = Classes;
			path = "HelloCordova/Classes";
			sourceTree = SOURCE_ROOT;
		};
		19C28FACFE9D520D11CA2CBB /* Products */ = {
			isa = PBXGroup;
			children = (
				1D6058910D05DD3D006BFB54 /* HelloCordova.app */,
			);
			name = Products;
			sourceTree = "<group>";
		};
		29B97314FDCFA39411CA2CEA /* CustomTemplate */ = {
			isa = PBXGroup;
			children = (
				EB87FDF41871DAF40020F90C /* config.xml */,
				EB87FDF31871DA8E0020F90C /* www */,
				EB87FDF11871DA420020F90C /* Staging */,
				301BF52D109A57CC0062928A /* CordovaLib.xcodeproj */,
				080E96DDFE201D6D7F000001 /* Classes */,
				307C750510C5A3420062BCA9 /* Plugins */,
				29B97315FDCFA39411CA2CEA /* Other Sources */,
				29B97317FDCFA39411CA2CEA /* Resources */,
				29B97323FDCFA39411CA2CEA /* Frameworks */,
				19C28FACFE9D520D11CA2CBB /* Products */,
			);
			name = CustomTemplate;
			sourceTree = "<group>";
		};
		29B97315FDCFA39411CA2CEA /* Other Sources */ = {
			isa = PBXGroup;
			children = (
				32CA4F630368D1EE00C91783 /* HelloCordova-Prefix.pch */,
				29B97316FDCFA39411CA2CEA /* main.m */,
				ED33DF2A687741AEAF9F8254 /* Bridging-Header.h */,
			);
			name = "Other Sources";
			path = "HelloCordova";
			sourceTree = "<group>";
		};
		29B97317FDCFA39411CA2CEA /* Resources */ = {
			isa = PBXGroup;
			children = (
				0207DA571B56EA530066E2B4 /* Images.xcassets */,
				3047A50E1AB8057F00498E2A /* config */,
				8D1107310486CEB800E47090 /* HelloCordova-Info.plist */,
				6AFF5BF81D6E424B00AB3073 /* CDVLaunchScreen.storyboard */,
			);
			name = Resources;
			path = "HelloCordova/Resources";
			sourceTree = "<group>";
		};
		29B97323FDCFA39411CA2CEA /* Frameworks */ = {
			isa = PBXGroup;
			children = (
				00061D087B4A40D1A27A1DB9 /* CFNetwork.framework */,
				AAB74A56BFB24D4495350303 /* libz.dylib */,
			);
			name = Frameworks;
			sourceTree = "<group>";
		};
		301BF52E109A57CC0062928A /* Products */ = {
			isa = PBXGroup;
			children = (
				301BF535109A57CC0062928A /* libCordova.a */,
			);
			name = Products;
			sourceTree = "<group>";
		};
		3047A50E1AB8057F00498E2A /* config */ = {
			isa = PBXGroup;
			children = (
				3047A50F1AB8059700498E2A /* build-debug.xcconfig */,
				3047A5101AB8059700498E2A /* build-release.xcconfig */,
				3047A5111AB8059700498E2A /* build.xcconfig */,
			);
			name = config;
			sourceTree = "<group>";
		};
		307C750510C5A3420062BCA9 /* Plugins */ = {
			isa = PBXGroup;
			children = (
				82CE927586ED47E0A1BBF780 /* WebAppLocalServer.swift */,
				7048E33E93F34B7BBD48442F /* WebAppConfiguration.swift */,
				7566755F135E4AC192ABCE71 /* AssetBundleManager.swift */,
				7A5EC0DD6915430ABB16717F /* AssetBundle.swift */,
				559C8F36393F4571B6C076E6 /* Asset.swift */,
				49121AE52DA340CA93038113 /* AssetBundleDownloader.swift */,
				986DC31FC020402D939C8439 /* AssetManifest.swift */,
				477FFD21EAF24AE39FF18F29 /* Errors.swift */,
				5EAA87D2EE4846A392E6B521 /* Utility.swift */,
				69EAA18DA51A40429C211F7D /* METPlugin.m */,
				947CCC6217004C6EB373AB36 /* METTimer.m */,
				19391F3A159F449A80915A15 /* METRetryStrategy.m */,
				738DA09D8AF54CD382BF878E /* METNetworkReachabilityManager.m */,
				D75C97635B2B48D28BF3F79F /* METRandomValueGenerator.m */,
				B68B3803B4D145ADB44F12B1 /* GCDWebServer.m */,
				56F4A8E79D924498B5F06B09 /* GCDWebServerConnection.m */,
				C87E8165BFA748399DC2B861 /* GCDWebServerFunctions.m */,
				AFE308933C8F4E66B29842D9 /* GCDWebServerRequest.m */,
				3CBAA2DC57954466920DB880 /* GCDWebServerResponse.m */,
				CAB2B1C71E854978827DFBC5 /* GCDWebServerDataRequest.m */,
				A79D7D15B9D14091A6330E6E /* GCDWebServerFileRequest.m */,
				018EC3F9E8604C84AF35B8CE /* GCDWebServerMultiPartFormRequest.m */,
				CDE2826EAE184DB781B497F5 /* GCDWebServerURLEncodedFormRequest.m */,
				B106C24CC7494ECEB449D60F /* GCDWebServerDataResponse.m */,
				CFF6308E64FD45EAB1BDAA08 /* GCDWebServerErrorResponse.m */,
				6D8BBEDC081349B0A0A7B4C0 /* GCDWebServerFileResponse.m */,
				3C67C1BB02484032AE4A59FD /* GCDWebServerStreamedResponse.m */,
				BE7061E04E9240EAB93E9453 /* cordova-plugin-meteor-webapp-Bridging-Header.h */,
				BB3DC4576C04492DABC33056 /* METPlugin.h */,
				78702D35D29446209C56DCA0 /* METTimer.h */,
				24A223D80A44425D91F86B3D /* METRetryStrategy.h */,
				00729567A8DD4E2497A942C2 /* METNetworkReachabilityManager.h */,
				5D349E18B08540C89A7EC8B6 /* METRandomValueGenerator.h */,
				3ECCDF4B057D4300AED8AF19 /* GCDWebServer.h */,
				621D0031CB5141F7A841C3DC /* GCDWebServerConnection.h */,
				37C4B65CBE194C35B814243F /* GCDWebServerFunctions.h */,
				280210470A6F4245B05075C3 /* GCDWebServerHTTPStatusCodes.h */,
				AC4945F70226438087BEEAD0 /* GCDWebServerPrivate.h */,
				7834BCF265584B8BAB4F7A0D /* GCDWebServerRequest.h */,
				22DDBC586864457B8C8F41C9 /* GCDWebServerResponse.h */,
				C5F7230736B7478396F4D242 /* GCDWebServerDataRequest.h */,
				E10697650B4C4313AED4B713 /* GCDWebServerFileRequest.h */,
				62AA958A55604860B3CBB63D /* GCDWebServerMultiPartFormRequest.h */,
				696D0DE873654FC9AC81EB3B /* GCDWebServerURLEncodedFormRequest.h */,
				A751F744BD2E49E592F17722 /* GCDWebServerDataResponse.h */,
				4C9CC16A33E74CE798A8CD48 /* GCDWebServerErrorResponse.h */,
				4B501DBB451E4B839166D41B /* GCDWebServerFileResponse.h */,
				3AD4058AF9E04803A923EF2E /* GCDWebServerStreamedResponse.h */,
				7C4D09C4CEE94A24B3499708 /* WebAppMockRemoteServer.swift */,
				C44DE1EF35594D9B94A2C1BA /* WebAppLocalServer+Testing.swift */,
				0CE6E87CBB2C4CC99A99056A /* GCDWebServer+Testing.m */,
				66CCBAD243BE4DC99AA5C630 /* cordova-plugin-meteor-webapp-tests-Bridging-Header.h */,
				1EC6F0A8CAA8432E84AC6B63 /* GCDWebServer+Testing.h */,
			);
			name = Plugins;
			path = "HelloCordova/Plugins";
			sourceTree = SOURCE_ROOT;
		};
		EB87FDF11871DA420020F90C /* Staging */ = {
			isa = PBXGroup;
			children = (
				F840E1F0165FE0F500CFE078 /* config.xml */,
				301BF56E109A69640062928A /* www */,
			);
			name = Staging;
			sourceTree = "<group>";
		};
/* End PBXGroup section */

/* Begin PBXNativeTarget section */
		1D6058900D05DD3D006BFB54 /* HelloCordova */ = {
			isa = PBXNativeTarget;
			buildConfigurationList = 1D6058960D05DD3E006BFB54 /* Build configuration list for PBXNativeTarget "HelloCordova" */;
			buildPhases = (
				304B58A110DAC018002A0835 /* Copy www directory */,
				1D60588D0D05DD3D006BFB54 /* Resources */,
				1D60588E0D05DD3D006BFB54 /* Sources */,
				1D60588F0D05DD3D006BFB54 /* Frameworks */,
			);
			buildRules = (
			);
			dependencies = (
				301BF551109A68C00062928A /* PBXTargetDependency */,
			);
			name = "HelloCordova";
			productName = "HelloCordova";
			productReference = 1D6058910D05DD3D006BFB54 /* HelloCordova.app */;
			productType = "com.apple.product-type.application";
		};
/* End PBXNativeTarget section */

/* Begin PBXProject section */
		29B97313FDCFA39411CA2CEA /* Project object */ = {
			isa = PBXProject;
			attributes = {
				LastUpgradeCheck = 510;
			};
			buildConfigurationList = C01FCF4E08A954540054247B /* Build configuration list for PBXProject "__NON-CLI__" */;
			compatibilityVersion = "Xcode 3.2";
			developmentRegion = English;
			hasScannedForEncodings = 1;
			mainGroup = 29B97314FDCFA39411CA2CEA /* CustomTemplate */;
			projectDirPath = "";
			projectReferences = (
				{
					ProductGroup = 301BF52E109A57CC0062928A /* Products */;
					ProjectRef = 301BF52D109A57CC0062928A /* CordovaLib.xcodeproj */;
				},
			);
			projectRoot = "";
			targets = (
				1D6058900D05DD3D006BFB54 /* HelloCordova */,
			);
		};
/* End PBXProject section */

/* Begin PBXReferenceProxy section */
		301BF535109A57CC0062928A /* libCordova.a */ = {
			isa = PBXReferenceProxy;
			fileType = archive.ar;
			path = libCordova.a;
			remoteRef = 301BF534109A57CC0062928A /* PBXContainerItemProxy */;
			sourceTree = BUILT_PRODUCTS_DIR;
		};
/* End PBXReferenceProxy section */

/* Begin PBXResourcesBuildPhase section */
		1D60588D0D05DD3D006BFB54 /* Resources */ = {
			isa = PBXResourcesBuildPhase;
			buildActionMask = 2147483647;
			files = (
				302D95F214D2391D003F00A1 /* MainViewController.xib in Resources */,
				0207DA581B56EA530066E2B4 /* Images.xcassets in Resources */,
				6AFF5BF91D6E424B00AB3073 /* CDVLaunchScreen.storyboard in Resources */,
			);
			runOnlyForDeploymentPostprocessing = 0;
		};
/* End PBXResourcesBuildPhase section */

/* Begin PBXShellScriptBuildPhase section */
		304B58A110DAC018002A0835 /* Copy www directory */ = {
			isa = PBXShellScriptBuildPhase;
			buildActionMask = 2147483647;
			files = (
			);
			inputPaths = (
			);
			name = "Copy www directory";
			outputPaths = (
			);
			runOnlyForDeploymentPostprocessing = 0;
			shellPath = /bin/sh;
			shellScript = "NODEJS_PATH=/usr/local/bin; NVM_NODE_PATH=~/.nvm/versions/node/`nvm version 2>/dev/null`/bin; N_NODE_PATH=`find /usr/local/n/versions/node/* -maxdepth 0 -type d 2>/dev/null | tail -1`/bin; XCODE_NODE_PATH=`xcode-select --print-path`/usr/share/xcs/Node/bin; PATH=$NODEJS_PATH:$NVM_NODE_PATH:$N_NODE_PATH:$XCODE_NODE_PATH:$PATH && node cordova/lib/copy-www-build-step.js";
			showEnvVarsInLog = 0;
		};
/* End PBXShellScriptBuildPhase section */

/* Begin PBXSourcesBuildPhase section */
		1D60588E0D05DD3D006BFB54 /* Sources */ = {
			isa = PBXSourcesBuildPhase;
			buildActionMask = 2147483647;
			files = (
				1D60589B0D05DD56006BFB54 /* main.m in Sources */,
				1D3623260D0F684500981E51 /* AppDelegate.m in Sources */,
				302D95F114D2391D003F00A1 /* MainViewController.m in Sources */,
				42BF5FD3E3054D1FAFC34B13 /* WebAppLocalServer.swift in Sources */,
				BC734924969E470F8C12855A /* WebAppConfiguration.swift in Sources */,
				FCAE299A53E648CE82AE5D2E /* AssetBundleManager.swift in Sources */,
				94E5EAFBB08F47B8A8F64459 /* AssetBundle.swift in Sources */,
				84DFB407782A4AB6B9BCCB87 /* Asset.swift in Sources */,
				B0143328C690400282450465 /* AssetBundleDownloader.swift in Sources */,
				E684CFB3C1F4422EA4464C31 /* AssetManifest.swift in Sources */,
				8D19233F9DF2407DA799037E /* Errors.swift in Sources */,
				A061A7B1CCE54A44A7628732 /* Utility.swift in Sources */,
				497809AAC5A84574B0C16C1E /* METPlugin.m in Sources */,
				6D899A458A644324B1C7670E /* METTimer.m in Sources */,
				3C3AB77EBB8048ADAA532475 /* METRetryStrategy.m in Sources */,
				D0D4A8E7B9204AEAAE692697 /* METNetworkReachabilityManager.m in Sources */,
				EEE35BF28BB942B9A4A39329 /* METRandomValueGenerator.m in Sources */,
				BDC984DD166F405CB6BF8A13 /* GCDWebServer.m in Sources */,
				0B01E71F63984E32A17FF067 /* GCDWebServerConnection.m in Sources */,
				93DBCBD7E9D0404B94A21092 /* GCDWebServerFunctions.m in Sources */,
				6A6113AD0AE04CC79D35289B /* GCDWebServerRequest.m in Sources */,
				5658B88444FE412394EF5798 /* GCDWebServerResponse.m in Sources */,
				31C5D818A1454784AF7C0E64 /* GCDWebServerDataRequest.m in Sources */,
				5FC496B50BD04A709BD9BF31 /* GCDWebServerFileRequest.m in Sources */,
				252F245665A3494290565E78 /* GCDWebServerMultiPartFormRequest.m in Sources */,
				1354C9C264C34E1B8F734B6C /* GCDWebServerURLEncodedFormRequest.m in Sources */,
				886059D424914C8C8C4ABAA6 /* GCDWebServerDataResponse.m in Sources */,
				BFBE4B8E40184E3490FD9909 /* GCDWebServerErrorResponse.m in Sources */,
				E34D68F1BEF8414FB415FAB7 /* GCDWebServerFileResponse.m in Sources */,
				AE58893F39F64735A9F410AA /* GCDWebServerStreamedResponse.m in Sources */,
				859A7706FE8F41DDB1BAA63D /* WebAppMockRemoteServer.swift in Sources */,
				71D187E0AAC54881B58C3C28 /* WebAppLocalServer+Testing.swift in Sources */,
				09DAA4E2121240E88CBBCA4E /* GCDWebServer+Testing.m in Sources */,
			);
			runOnlyForDeploymentPostprocessing = 0;
		};
/* End PBXSourcesBuildPhase section */

/* Begin PBXTargetDependency section */
		301BF551109A68C00062928A /* PBXTargetDependency */ = {
			isa = PBXTargetDependency;
			name = CordovaLib;
			targetProxy = 301BF550109A68C00062928A /* PBXContainerItemProxy */;
		};
/* End PBXTargetDependency section */

/* Begin XCBuildConfiguration section */
		1D6058940D05DD3E006BFB54 /* Debug */ = {
			isa = XCBuildConfiguration;
			baseConfigurationReference = 3047A50F1AB8059700498E2A /* build-debug.xcconfig */;
			buildSettings = {
				ALWAYS_SEARCH_USER_PATHS = NO;
				ASSETCATALOG_COMPILER_APPICON_NAME = AppIcon;
				ASSETCATALOG_COMPILER_LAUNCHIMAGE_NAME = LaunchImage;
				CLANG_ENABLE_MODULES = YES;
				CLANG_ENABLE_OBJC_ARC = YES;
				COPY_PHASE_STRIP = NO;
				GCC_DYNAMIC_NO_PIC = NO;
				GCC_OPTIMIZATION_LEVEL = 0;
				GCC_PRECOMPILE_PREFIX_HEADER = YES;
				GCC_PREFIX_HEADER = "HelloCordova/HelloCordova-Prefix.pch";
				GCC_THUMB_SUPPORT = NO;
				GCC_VERSION = "";
				INFOPLIST_FILE = "HelloCordova/HelloCordova-Info.plist";
				IPHONEOS_DEPLOYMENT_TARGET = 9.0;
				LD_RUNPATH_SEARCH_PATHS = "@executable_path/Frameworks";
				TARGETED_DEVICE_FAMILY = "1,2";
				PRODUCT_NAME = "HelloCordova";
				SWIFT_VERSION = 3.0;
			};
			name = Debug;
		};
		1D6058950D05DD3E006BFB54 /* Release */ = {
			isa = XCBuildConfiguration;
			baseConfigurationReference = 3047A5101AB8059700498E2A /* build-release.xcconfig */;
			buildSettings = {
				ALWAYS_SEARCH_USER_PATHS = NO;
				ASSETCATALOG_COMPILER_APPICON_NAME = AppIcon;
				ASSETCATALOG_COMPILER_LAUNCHIMAGE_NAME = LaunchImage;
				CLANG_ENABLE_MODULES = YES;
				CLANG_ENABLE_OBJC_ARC = YES;
				COPY_PHASE_STRIP = YES;
				GCC_PRECOMPILE_PREFIX_HEADER = YES;
				GCC_PREFIX_HEADER = "HelloCordova/HelloCordova-Prefix.pch";
				GCC_THUMB_SUPPORT = NO;
				GCC_VERSION = "";
				INFOPLIST_FILE = "HelloCordova/HelloCordova-Info.plist";
				IPHONEOS_DEPLOYMENT_TARGET = 9.0;
				LD_RUNPATH_SEARCH_PATHS = "@executable_path/Frameworks";
				TARGETED_DEVICE_FAMILY = "1,2";
				PRODUCT_NAME = "HelloCordova";
				SWIFT_VERSION = 3.0;
			};
			name = Release;
		};
		C01FCF4F08A954540054247B /* Debug */ = {
			isa = XCBuildConfiguration;
			baseConfigurationReference = 3047A5111AB8059700498E2A /* build.xcconfig */;
			buildSettings = {
				CLANG_ENABLE_MODULES = YES;
				CLANG_ENABLE_OBJC_ARC = YES;
				CLANG_WARN_BOOL_CONVERSION = YES;
				CLANG_WARN_CONSTANT_CONVERSION = YES;
				CLANG_WARN_EMPTY_BODY = YES;
				CLANG_WARN_ENUM_CONVERSION = YES;
				CLANG_WARN_INT_CONVERSION = YES;
				CLANG_WARN__DUPLICATE_METHOD_MATCH = YES;
				GCC_C_LANGUAGE_STANDARD = c99;
				GCC_THUMB_SUPPORT = NO;
				GCC_VERSION = "";
				GCC_WARN_ABOUT_RETURN_TYPE = YES;
				GCC_WARN_UNDECLARED_SELECTOR = YES;
				GCC_WARN_UNINITIALIZED_AUTOS = YES;
				GCC_WARN_UNUSED_FUNCTION = YES;
				GCC_WARN_UNUSED_VARIABLE = YES;
				ONLY_ACTIVE_ARCH = YES;
				SDKROOT = iphoneos;
				SKIP_INSTALL = NO;
				SWIFT_VERSION = 3.0;
			};
			name = Debug;
		};
		C01FCF5008A954540054247B /* Release */ = {
			isa = XCBuildConfiguration;
			baseConfigurationReference = 3047A5111AB8059700498E2A /* build.xcconfig */;
			buildSettings = {
				CLANG_ENABLE_MODULES = YES;
				CLANG_ENABLE_OBJC_ARC = YES;
				CLANG_WARN_BOOL_CONVERSION = YES;
				CLANG_WARN_CONSTANT_CONVERSION = YES;
				CLANG_WARN_EMPTY_BODY = YES;
				CLANG_WARN_ENUM_CONVERSION = YES;
				CLANG_WARN_INT_CONVERSION = YES;
				CLANG_WARN__DUPLICATE_METHOD_MATCH = YES;
				GCC_C_LANGUAGE_STANDARD = c99;
				GCC_THUMB_SUPPORT = NO;
				GCC_VERSION = "";
				GCC_WARN_ABOUT_RETURN_TYPE = YES;
				GCC_WARN_UNDECLARED_SELECTOR = YES;
				GCC_WARN_UNINITIALIZED_AUTOS = YES;
				GCC_WARN_UNUSED_FUNCTION = YES;
				GCC_WARN_UNUSED_VARIABLE = YES;
				SDKROOT = iphoneos;
				SKIP_INSTALL = NO;
				SWIFT_VERSION = 3.0;
			};
			name = Release;
		};
/* End XCBuildConfiguration section */

/* Begin XCConfigurationList section */
		1D6058960D05DD3E006BFB54 /* Build configuration list for PBXNativeTarget "HelloCordova" */ = {
			isa = XCConfigurationList;
			buildConfigurations = (
				1D6058940D05DD3E006BFB54 /* Debug */,
				1D6058950D05DD3E006BFB54 /* Release */,
			);
			defaultConfigurationIsVisible = 0;
			defaultConfigurationName = Release;
		};
		C01FCF4E08A954540054247B /* Build configuration list for PBXProject "__NON-CLI__" */ = {
			isa = XCConfigurationList;
			buildConfigurations = (
				C01FCF4F08A954540054247B /* Debug */,
				C01FCF5008A954540054247B /* Release */,
			);
			defaultConfigurationIsVisible = 0;
			defaultConfigurationName = Release;
		};
/* End XCConfigurationList section */
	};
	rootObject = 29B97313FDCFA39411CA2CEA /* Project object */;
}
